
Microsoft Visual Studio Solution File, Format Version 12.00
# Visual Studio Version 16
VisualStudioVersion = 16.0.31129.286
MinimumVisualStudioVersion = 10.0.40219.1
Project("{9A19103F-16F7-4668-BE54-9A1E7A4F7556}") = "VendingMachine", "VendingMachine.csproj", "{B07E72BA-80FC-48AB-BF3D-B11AC903DEB4}"
EndProject
Project("{9A19103F-16F7-4668-BE54-9A1E7A4F7556}") = "InterfaceLayer", "..\InterfaceLayer\InterfaceLayer.csproj", "{F43DAD03-9EF9-4840-B8B3-D0EBE8E0079E}"
EndProject
Project("{9A19103F-16F7-4668-BE54-9A1E7A4F7556}") = "VendingMachine.Common", "..\VendingMachine.Common\VendingMachine.Common.csproj", "{46ABF074-6FBF-482B-B889-C563510FF662}"
EndProject
Project("{FAE04EC0-301F-11D3-BF4B-00C04F79EFBC}") = "VendingMachine_UnitTest", "..\VendingMachine_UnitTest\VendingMachine_UnitTest.csproj", "{C7EC5A0E-C70B-47FD-9EF7-9C55D9CC524D}"
EndProject
Global
	GlobalSection(SolutionConfigurationPlatforms) = preSolution
		Debug|Any CPU = Debug|Any CPU
		Release|Any CPU = Release|Any CPU
	EndGlobalSection
	GlobalSection(ProjectConfigurationPlatforms) = postSolution
		{B07E72BA-80FC-48AB-BF3D-B11AC903DEB4}.Debug|Any CPU.ActiveCfg = Debug|Any CPU
		{B07E72BA-80FC-48AB-BF3D-B11AC903DEB4}.Debug|Any CPU.Build.0 = Debug|Any CPU
		{B07E72BA-80FC-48AB-BF3D-B11AC903DEB4}.Release|Any CPU.ActiveCfg = Release|Any CPU
		{B07E72BA-80FC-48AB-BF3D-B11AC903DEB4}.Release|Any CPU.Build.0 = Release|Any CPU
		{F43DAD03-9EF9-4840-B8B3-D0EBE8E0079E}.Debug|Any CPU.ActiveCfg = Debug|Any CPU
		{F43DAD03-9EF9-4840-B8B3-D0EBE8E0079E}.Debug|Any CPU.Build.0 = Debug|Any CPU
		{F43DAD03-9EF9-4840-B8B3-D0EBE8E0079E}.Release|Any CPU.ActiveCfg = Release|Any CPU
		{F43DAD03-9EF9-4840-B8B3-D0EBE8E0079E}.Release|Any CPU.Build.0 = Release|Any CPU
		{46ABF074-6FBF-482B-B889-C563510FF662}.Debug|Any CPU.ActiveCfg = Debug|Any CPU
		{46ABF074-6FBF-482B-B889-C563510FF662}.Debug|Any CPU.Build.0 = Debug|Any CPU
		{46ABF074-6FBF-482B-B889-C563510FF662}.Release|Any CPU.ActiveCfg = Release|Any CPU
		{46ABF074-6FBF-482B-B889-C563510FF662}.Release|Any CPU.Build.0 = Release|Any CPU
		{C7EC5A0E-C70B-47FD-9EF7-9C55D9CC524D}.Debug|Any CPU.ActiveCfg = Debug|Any CPU
		{C7EC5A0E-C70B-47FD-9EF7-9C55D9CC524D}.Debug|Any CPU.Build.0 = Debug|Any CPU
		{C7EC5A0E-C70B-47FD-9EF7-9C55D9CC524D}.Release|Any CPU.ActiveCfg = Release|Any CPU
		{C7EC5A0E-C70B-47FD-9EF7-9C55D9CC524D}.Release|Any CPU.Build.0 = Release|Any CPU
	EndGlobalSection
	GlobalSection(SolutionProperties) = preSolution
		HideSolutionNode = FALSE
	EndGlobalSection
	GlobalSection(ExtensibilityGlobals) = postSolution
		SolutionGuid = {296DDE20-AD6C-48E5-94CD-A180F3730C00}
	EndGlobalSection
EndGlobal
